dependencies:
- name: network-policies
  repository: file://../charts/network-policies
  version: 0.4.0
- name: envoy-gateway-config
  repository: file://../edge/gateway
  version: 0.2.0
- name: cnpg-cluster
  repository: file://../charts/cnpg-cluster
  version: 0.1.0
- name: clickhouse-cluster
  repository: file://../charts/clickhouse-cluster
  version: 0.2.0
- name: ferretdb
  repository: file://../charts/ferretdb
  version: 0.2.0
- name: kafka
  repository: file://../charts/kafka
  version: 0.2.0
- name: kafbat
  repository: file://../charts/kafbat
  version: 0.1.2
- name: otel-collector
  repository: file://../charts/otel-collector
  version: 0.1.0
- name: links
  repository: file://../charts/links
  version: 0.1.3
- name: forgejo
  repository: file://../charts/forgejo
  version: 0.2.0
- name: dfe-engine
  repository: file://../charts/dfe-engine
  version: 0.3.0
- name: dfe-ui
  repository: file://../charts/dfe-ui
  version: 0.1.1
- name: dfe-receiver
  repository: file://../charts/dfe-receiver
  version: 0.3.0
- name: dfe-loader
  repository: file://../charts/dfe-loader
  version: 0.3.0
- name: hyperdx
  repository: file://../charts/hyperdx
  version: 0.2.0
digest: sha256:feeced937f0842ef8a4b9a5d802b3108d84551608bfada3d3224f7aa4c2a690d
generated: "2026-09-17T13:44:31.769396468+10:00"
